GEM
  remote: https://rubygems.org/
  specs:
    bigdecimal (4.1.2)
    csv (3.3.5)
    httparty (0.24.2)
      csv
      mini_mime (>= 1.0.0)
      multi_xml (>= 0.5.2)
    mini_mime (1.1.5)
    mini_portile2 (2.8.9)
    multi_xml (0.9.1)
      bigdecimal (>= 3.1, < 5)
    nokogiri (1.19.4)
      mini_portile2 (~> 2.8.2)
      racc (~> 1.4)
    racc (1.8.1)

PLATFORMS
  ruby

DEPENDENCIES
  httparty
  nokogiri (>= 1.19.4)

BUNDLED WITH
  4.0.17
