---
# https://github.com/razorpay/ifsc/issues/154
action: patch
patch:
  NEFT: false
ifsc:
 # These are not VALID IFSCs as of now, so are
 # left commented
 # - BCEY0NEFTSC
 # - KGRB00000SC
 # - KLGB0NEFT01
 # - KRTH0INBB00
 - BCEY0000001
 - BCEY0CHEN01
 - KGRB0000001
 - KGRB0000002
 - KGRB0000004
 - KGRB0000005
 - KGRB0000006
 - KGRB0000007
 - KGRB0000008
 - KGRB0000009
 - KGRB0000010
 - KGRB0000011
 - KGRB0000012
 - KGRB0000013
 - KGRB0000014
 - KGRB0000015
 - KGRB0000016
 - KGRB0000017
 - KGRB0000018
 - KGRB0000019
 - KGRB0000020
 - KGRB0000021
 - KGRB0000022
 - KGRB0000023
 - KGRB0000024
 - KGRB0000025
 - KGRB0000026
 - KGRB0000028
 - KGRB0000029
 - KGRB0000030
 - KGRB0000031
 - KGRB0000032
 - KGRB0000033
 - KGRB0000034
 - KGRB0000035
 - KGRB0000036
 - KGRB0000037
 - KGRB0000038
 - KGRB0000039
 - KGRB0000040
 - KGRB0000041
 - KGRB0000042
 - KGRB0000043
 - KGRB0000044
 - KGRB0000046
 - KGRB0000047
 - KGRB0000048
 - KGRB0000049
 - KGRB0000050
 - KGRB0000051
 - KGRB0000052
 - KGRB0000053
 - KGRB0000054
 - KGRB0000055
 - KGRB0000056
 - KGRB0000058
 - KGRB0000059
 - KGRB0000060
 - KGRB0000061
 - KGRB0000062
 - KGRB0000063
 - KGRB0000064
 - KGRB0000065
 - KGRB0000066
 - KGRB0000067
 - KGRB0000068
 - KGRB0000069
 - KGRB0000070
 - KGRB0000071
 - KGRB0000072
 - KGRB0000074
 - KGRB0000075
 - KGRB0000076
 - KGRB0000077
 - KGRB0000078
 - KGRB0000079
 - KGRB0000080
 - KGRB0000081
 - KGRB0000082
 - KGRB0000083
 - KGRB0000084
 - KGRB0000085
 - KGRB0000086
 - KGRB0000087
 - KGRB0000088
 - KGRB0000089
 - KGRB0000090
 - KGRB0000091
 - KGRB0000092
 - KGRB0000093
 - KGRB0000094
 - KGRB0000095
 - KGRB0000096
 - KGRB0000097
 - KGRB0000098
 - KGRB0000099
 - KGRB0000101
 - KGRB0000102
 - KGRB0000103
 - KGRB0000104
 - KGRB0000105
 - KGRB0000106
 - KGRB0000107
 - KGRB0000108
 - KGRB0000110
 - KGRB0000111
 - KGRB0000112
 - KGRB0000114
 - KGRB0000116
 - KGRB0000117
 - KGRB0000118
 - KGRB0000121
 - KGRB0000122
 - KGRB0000123
 - KGRB0000124
 - KGRB0000125
 - KGRB0000126
 - KGRB0000127
 - KGRB0000128
 - KGRB0000129
 - KGRB0000130
 - KGRB0000131
 - KGRB0000132
 - KGRB0000133
 - KGRB0000134
 - KGRB0000135
 - KGRB0000136
 - KGRB0000137
 - KGRB0000138
 - KGRB0000139
 - KGRB0000140
 - KGRB0000141
 - KGRB0000142
 - KGRB0000143
 - KGRB0000144
 - KGRB0000145
 - KGRB0000146
 - KGRB0000147
 - KGRB0000148
 - KGRB0000149
 - KGRB0000150
 - KGRB0000151
 - KGRB0000152
 - KGRB0000153
 - KGRB0000154
 - KGRB0000155
 - KGRB0000156
 - KGRB0000157
 - KGRB0000158
 - KGRB0000159
 - KGRB0000160
 - KGRB0000161
 - KGRB0000162
 - KGRB0000163
 - KGRB0000164
 - KGRB0000165
 - KGRB0000166
 - KGRB0000167
 - KGRB0000168
 - KGRB0000169
 - KGRB0000170
 - KGRB0000171
 - KGRB0000172
 - KGRB0000173
 - KGRB0000174
 - KGRB0000175
 - KGRB0000176
 - KGRB0000177
 - KGRB0000178
 - KGRB0000179
 - KGRB0000180
 - KGRB0000181
 - KGRB0000182
 - KGRB0000183
 - KGRB0000184
 - KGRB0000185
 - KGRB0000186
 - KGRB0000187
 - KGRB0000188
 - KGRB0000189
 - KGRB0000190
 - KGRB0000191
 - KGRB0000192
 - KGRB0000193
 - KGRB0000194
 - KGRB0000195
 - KGRB0000196
 - KGRB0000197
 - KGRB0000198
 - KGRB0000199
 - KGRB0000200
 - KGRB0000201
 - KGRB0000202
 - KGRB0000203
 - KGRB0000204
 - KGRB0000205
 - KGRB0000206
 - KGRB0000208
 - KGRB0000209
 - KGRB0000210
 - KGRB0000211
 - KGRB0000212
 - KGRB0000213
 - KGRB0000214
 - KGRB0000215
 - KGRB0000216
 - KGRB0000217
 - KGRB0000218
 - KGRB0000219
 - KGRB0000220
 - KGRB0000221
 - KGRB0000222
 - KGRB0000223
 - KGRB0000224
 - KGRB0000225
 - KGRB0000226
 - KGRB0000227
 - KGRB0000228
 - KGRB0000229
 - KGRB0000230
 - KGRB0000231
 - KGRB0000232
 - KGRB0000233
 - KGRB0000234
 - KGRB0000235
 - KGRB0000236
 - KGRB0000237
 - KGRB0000238
 - KGRB0000239
 - KGRB0000240
 - KGRB0000241
 - KGRB0000242
 - KGRB0000243
 - KGRB0000244
 - KGRB0000245
 - KGRB0000246
 - KGRB0000247
 - KGRB0000248
 - KGRB0000249
 - KGRB0000250
 - KGRB0000251
 - KGRB0000252
 - KGRB0000253
 - KGRB0000254
 - KGRB0000255
 - KGRB0000256
 - KGRB0000257
 - KGRB0000258
 - KGRB0000259
 - KGRB0000260
 - KGRB0000261
 - KGRB0000262
 - KGRB0000263
 - KGRB0000264
 - KGRB0000265
 - KGRB0000266
 - KGRB0000267
 - KGRB0000268
 - KGRB0000269
 - KGRB0000270
 - KGRB0000271
 - KGRB0000272
 - KGRB0000273
 - KGRB0000274
 - KGRB0000275
 - KGRB0000276
 - KGRB0000277
 - KGRB0000278
 - KGRB0000279
 - KGRB0000280
 - KGRB0000281
 - KGRB0000282
 - KGRB0000283
 - KGRB0000284
 - KGRB0000285
 - KGRB0000286
 - KGRB0000287
 - KGRB0000288
 - KGRB0000289
 - KGRB0000290
 - KGRB0000291
 - KGRB0000292
 - KGRB0000293
 - KGRB0000294
 - KGRB0000295
 - KGRB0000296
 - KGRB0000297
 - KGRB0000298
 - KGRB0000299
 - KGRB0000300
 - KGRB0000301
 - KGRB0000302
 - KGRB0000303
 - KGRB0000304
 - KGRB0000305
 - KGRB0000306
 - KGRB0000307
 - KGRB0000308
 - KGRB0000309
 - KGRB0000310
 - KGRB0000311
 - KGRB0000312
 - KGRB0000313
 - KGRB0000314
 - KGRB0000315
 - KGRB0000316
 - KGRB0000317
 - KGRB0000318
 - KGRB0000319
 - KGRB0000320
 - KGRB0000321
 - KGRB0000322
 - KGRB0000323
 - KGRB0000324
 - KGRB0000325
 - KGRB0000326
 - KGRB0000327
 - KGRB0000328
 - KGRB0000329
 - KGRB0000330
 - KGRB0000331
 - KGRB0000332
 - KGRB0000333
 - KGRB0000334
 - KGRB0000335
 - KGRB0000336
 - KGRB0000337
 - KGRB0000338
 - KGRB0000339
 - KGRB0000340
 - KGRB0000341
 - KGRB0000342
 - KGRB0000343
 - KGRB0000344
 - KGRB0000345
 - KGRB0000346
 - KGRB0000347
 - KGRB0000348
 - KGRB0000349
 - KGRB0000351
 - KGRB0000352
 - KGRB0000356
 - KGRB0000357
 - KGRB0000359
 - KGRB0000360
 - KGRB0000361
 - KGRB0000362
 - KGRB0000363
 - KGRB0000364
 - KGRB0000365
 - KGRB0000366
 - KGRB0000367
 - KGRB0000368
 - KGRB0000369
 - KGRB0000370
 - KGRB0000371
 - KGRB0000372
 - KGRB0000373
 - KGRB0000375
 - KGRB0000376
 - KGRB0000377
 - KGRB0000378
 - KGRB0000379
 - KGRB0000380
 - KGRB0000381
 - KGRB0000382
 - KGRB0000383
 - KGRB0000384
 - KGRB0000385
 - KGRB0000386
 - KGRB0000387
 - KGRB0000389
 - KGRB0000390
 - KGRB0000391
 - KGRB0000392
 - KGRB0000393
 - KGRB0000394
 - KGRB0000395
 - KGRB0000396
 - KGRB0000397
 - KGRB0000398
 - KGRB0000399
 - KGRB0000400
 - KGRB0000401
 - KGRB0000402
 - KGRB0000403
 - KGRB0000404
 - KGRB0000405
 - KGRB0000406
 - KGRB0000407
 - KGRB0000408
 - KGRB0000409
 - KGRB0000410
 - KGRB0000411
 - KGRB0000413
 - KGRB0000414
 - KGRB0000416
 - KGRB0000417
 - KGRB0000418
 - KGRB0000419
 - KGRB0000421
 - KGRB0000422
 - KGRB0000423
 - KGRB0000424
 - KGRB0000425
 - KGRB0000426
 - KGRB0000427
 - KGRB0000428
 - KGRB0000429
 - KGRB0000430
 - KGRB0000431
 - KGRB0000432
 - KGRB0000433
 - KGRB0000434
 - KGRB0000435
 - KGRB0000436
 - KGRB0000437
 - KGRB0000438
 - KGRB0000439
 - KGRB0000440
 - KGRB0000441
 - KGRB0000442
 - KGRB0000443
 - KGRB0000444
 - KGRB0000445
 - KGRB0000446
 - KGRB0000447
 - KGRB0000450
 - KGRB0000455
 - KGRB0000456
 - KGRB0000457
 - KGRB0000458
 - KGRB0000459
 - KGRB0000460
 - KGRB0000461
 - KGRB0000463
 - KGRB0000464
 - KGRB0000467
 - KGRB0000469
 - KGRB0000471
 - KGRB0000472
 - KGRB0000474
 - KGRB0000475
 - KGRB0000476
 - KGRB0000477
 - KGRB0000478
 - KGRB0000485
 - KGRB0000486
 - KGRB0000490
 - KGRB0000491
 - KGRB0000494
 - KGRB0000495
 - KGRB0000496
 - KGRB0000497
 - KGRB0000498
 - KGRB0000500
 - KGRB0000501
 - KGRB0000502
 - KGRB0000503
 - KGRB0000504
 - KGRB0000505
 - KGRB0000506
 - KGRB0000507
 - KGRB0000508
 - KGRB0000509
 - KGRB0000511
 - KGRB0000512
 - KGRB0000513
 - KGRB0000514
 - KGRB0000515
 - KGRB0000516
 - KGRB0000517
 - KGRB0000518
 - KGRB0000519
 - KGRB0000520
 - KGRB0000521
 - KGRB0000522
 - KGRB0000523
 - KGRB0000524
 - KGRB0000525
 - KGRB0000526
 - KGRB0000527
 - KGRB0000528
 - KGRB0000532
 - KGRB0000533
 - KGRB0000534
 - KGRB0000536
 - KGRB0000537
 - KGRB000RTGS
 - KLGB0040101
 - KLGB0040102
 - KLGB0040103
 - KLGB0040104
 - KLGB0040105
 - KLGB0040106
 - KLGB0040107
 - KLGB0040108
 - KLGB0040109
 - KLGB0040110
 - KLGB0040111
 - KLGB0040112
 - KLGB0040113
 - KLGB0040114
 - KLGB0040115
 - KLGB0040116
 - KLGB0040117
 - KLGB0040118
 - KLGB0040119
 - KLGB0040120
 - KLGB0040121
 - KLGB0040122
 - KLGB0040123
 - KLGB0040124
 - KLGB0040125
 - KLGB0040127
 - KLGB0040128
 - KLGB0040129
 - KLGB0040130
 - KLGB0040131
 - KLGB0040132
 - KLGB0040133
 - KLGB0040134
 - KLGB0040135
 - KLGB0040136
 - KLGB0040137
 - KLGB0040138
 - KLGB0040139
 - KLGB0040140
 - KLGB0040141
 - KLGB0040142
 - KLGB0040143
 - KLGB0040144
 - KLGB0040145
 - KLGB0040146
 - KLGB0040147
 - KLGB0040148
 - KLGB0040149
 - KLGB0040150
 - KLGB0040151
 - KLGB0040152
 - KLGB0040153
 - KLGB0040161
 - KLGB0040162
 - KLGB0040163
 - KLGB0040164
 - KLGB0040165
 - KLGB0040166
 - KLGB0040167
 - KLGB0040168
 - KLGB0040169
 - KLGB0040170
 - KLGB0040171
 - KLGB0040172
 - KLGB0040173
 - KLGB0040174
 - KLGB0040175
 - KLGB0040176
 - KLGB0040177
 - KLGB0040178
 - KLGB0040179
 - KLGB0040180
 - KLGB0040181
 - KLGB0040182
 - KLGB0040183
 - KLGB0040184
 - KLGB0040185
 - KLGB0040186
 - KLGB0040187
 - KLGB0040188
 - KLGB0040189
 - KLGB0040198
 - KLGB0040199
 - KLGB0040200
 - KLGB0040201
 - KLGB0040202
 - KLGB0040203
 - KLGB0040204
 - KLGB0040205
 - KLGB0040206
 - KLGB0040207
 - KLGB0040208
 - KLGB0040209
 - KLGB0040210
 - KLGB0040211
 - KLGB0040212
 - KLGB0040213
 - KLGB0040214
 - KLGB0040215
 - KLGB0040216
 - KLGB0040217
 - KLGB0040218
 - KLGB0040219
 - KLGB0040220
 - KLGB0040221
 - KLGB0040222
 - KLGB0040223
 - KLGB0040224
 - KLGB0040225
 - KLGB0040226
 - KLGB0040227
 - KLGB0040228
 - KLGB0040229
 - KLGB0040230
 - KLGB0040231
 - KLGB0040234
 - KLGB0040235
 - KLGB0040236
 - KLGB0040237
 - KLGB0040238
 - KLGB0040239
 - KLGB0040241
 - KLGB0040242
 - KLGB0040243
 - KLGB0040244
 - KLGB0040245
 - KLGB0040246
 - KLGB0040247
 - KLGB0040248
 - KLGB0040249
 - KLGB0040250
 - KLGB0040251
 - KLGB0040271
 - KLGB0040272
 - KLGB0040273
 - KLGB0040274
 - KLGB0040275
 - KLGB0040276
 - KLGB0040277
 - KLGB0040278
 - KLGB0040279
 - KLGB0040280
 - KLGB0040281
 - KLGB0040282
 - KLGB0040287
 - KLGB0040288
 - KLGB0040289
 - KLGB0040290
 - KLGB0040291
 - KLGB0040292
 - KLGB0040293
 - KLGB0040294
 - KLGB0040295
 - KLGB0040328
 - KLGB0040329
 - KLGB0040330
 - KLGB0040331
 - KLGB0040332
 - KLGB0040333
 - KLGB0040334
 - KLGB0040335
 - KLGB0040336
 - KLGB0040337
 - KLGB0040338
 - KLGB0040339
 - KLGB0040340
 - KLGB0040341
 - KLGB0040342
 - KLGB0040344
 - KLGB0040345
 - KLGB0040346
 - KLGB0040347
 - KLGB0040348
 - KLGB0040349
 - KLGB0040350
 - KLGB0040351
 - KLGB0040352
 - KLGB0040353
 - KLGB0040354
 - KLGB0040355
 - KLGB0040356
 - KLGB0040357
 - KLGB0040358
 - KLGB0040359
 - KLGB0040360
 - KLGB0040361
 - KLGB0040362
 - KLGB0040363
 - KLGB0040364
 - KLGB0040365
 - KLGB0040366
 - KLGB0040367
 - KLGB0040368
 - KLGB0040369
 - KLGB0040370
 - KLGB0040371
 - KLGB0040372
 - KLGB0040373
 - KLGB0040374
 - KLGB0040375
 - KLGB0040376
 - KLGB0040377
 - KLGB0040378
 - KLGB0040379
 - KLGB0040380
 - KLGB0040381
 - KLGB0040382
 - KLGB0040383
 - KLGB0040384
 - KLGB0040385
 - KLGB0040386
 - KLGB0040387
 - KLGB0040388
 - KLGB0040389
 - KLGB0040390
 - KLGB0040391
 - KLGB0040392
 - KLGB0040393
 - KLGB0040394
 - KLGB0040395
 - KLGB0040396
 - KLGB0040397
 - KLGB0040398
 - KLGB0040399
 - KLGB0040400
 - KLGB0040401
 - KLGB0040402
 - KLGB0040403
 - KLGB0040404
 - KLGB0040405
 - KLGB0040406
 - KLGB0040407
 - KLGB0040408
 - KLGB0040409
 - KLGB0040410
 - KLGB0040422
 - KLGB0040423
 - KLGB0040424
 - KLGB0040425
 - KLGB0040426
 - KLGB0040427
 - KLGB0040428
 - KLGB0040429
 - KLGB0040430
 - KLGB0040431
 - KLGB0040432
 - KLGB0040433
 - KLGB0040434
 - KLGB0040435
 - KLGB0040441
 - KLGB0040442
 - KLGB0040443
 - KLGB0040444
 - KLGB0040445
 - KLGB0040446
 - KLGB0040447
 - KLGB0040448
 - KLGB0040449
 - KLGB0040450
 - KLGB0040451
 - KLGB0040452
 - KLGB0040453
 - KLGB0040454
 - KLGB0040455
 - KLGB0040456
 - KLGB0040457
 - KLGB0040458
 - KLGB0040459
 - KLGB0040460
 - KLGB0040461
 - KLGB0040462
 - KLGB0040463
 - KLGB0040464
 - KLGB0040465
 - KLGB0040466
 - KLGB0040467
 - KLGB0040468
 - KLGB0040469
 - KLGB0040470
 - KLGB0040471
 - KLGB0040472
 - KLGB0040473
 - KLGB0040474
 - KLGB0040475
 - KLGB0040476
 - KLGB0040477
 - KLGB0040478
 - KLGB0040479
 - KLGB0040480
 - KLGB0040481
 - KLGB0040482
 - KLGB0040483
 - KLGB0040484
 - KLGB0040485
 - KLGB0040486
 - KLGB0040487
 - KLGB0040488
 - KLGB0040489
 - KLGB0040490
 - KLGB0040491
 - KLGB0040492
 - KLGB0040493
 - KLGB0040494
 - KLGB0040495
 - KLGB0040496
 - KLGB0040497
 - KLGB0040498
 - KLGB0040499
 - KLGB0040500
 - KLGB0040501
 - KLGB0040502
 - KLGB0040503
 - KLGB0040504
 - KLGB0040505
 - KLGB0040506
 - KLGB0040507
 - KLGB0040508
 - KLGB0040509
 - KLGB0040510
 - KLGB0040511
 - KLGB0040512
 - KLGB0040513
 - KLGB0040514
 - KLGB0040515
 - KLGB0040516
 - KLGB0040517
 - KLGB0040518
 - KLGB0040519
 - KLGB0040520
 - KLGB0040521
 - KLGB0040522
 - KLGB0040523
 - KLGB0040524
 - KLGB0040525
 - KLGB0040526
 - KLGB0040527
 - KLGB0040528
 - KLGB0040529
 - KLGB0040530
 - KLGB0040531
 - KLGB0040532
 - KLGB0040533
 - KLGB0040534
 - KLGB0040535
 - KLGB0040536
 - KLGB0040537
 - KLGB0040538
 - KLGB0040539
 - KLGB0040540
 - KLGB0040541
 - KLGB0040542
 - KLGB0040543
 - KLGB0040544
 - KLGB0040545
 - KLGB0040546
 - KLGB0040547
 - KLGB0040548
 - KLGB0040549
 - KLGB0040550
 - KLGB0040551
 - KLGB0040552
 - KLGB0040553
 - KLGB0040554
 - KLGB0040555
 - KLGB0040556
 - KLGB0040557
 - KLGB0040558
 - KLGB0040559
 - KLGB0040560
 - KLGB0040561
 - KLGB0040562
 - KLGB0040563
 - KLGB0040564
 - KLGB0040565
 - KLGB0040566
 - KLGB0040567
 - KLGB0040568
 - KLGB0040569
 - KLGB0040570
 - KLGB0040571
 - KLGB0040572
 - KLGB0040573
 - KLGB0040574
 - KLGB0040575
 - KLGB0040576
 - KLGB0040577
 - KLGB0040578
 - KLGB0040579
 - KLGB0040580
 - KLGB0040581
 - KLGB0040582
 - KLGB0040583
 - KLGB0040584
 - KLGB0040585
 - KLGB0040586
 - KLGB0040587
 - KLGB0040588
 - KLGB0040589
 - KLGB0040590
 - KLGB0040591
 - KLGB0040592
 - KLGB0040593
 - KLGB0040594
 - KLGB0040595
 - KLGB0040596
 - KLGB0040597
 - KLGB0040598
 - KLGB0040599
 - KLGB0040600
 - KLGB0040601
 - KLGB0040602
 - KLGB0040603
 - KLGB0040604
 - KLGB0040605
 - KLGB0040606
 - KLGB0040607
 - KLGB0040608
 - KLGB0040609
 - KLGB0040610
 - KLGB0040611
 - KLGB0040612
 - KLGB0040614
 - KLGB0040615
 - KLGB0040616
 - KLGB0040617
 - KLGB0040618
 - KLGB0040619
 - KLGB0040620
 - KLGB0040621
 - KLGB0040622
 - KLGB0040623
 - KLGB0040624
 - KLGB0040625
 - KLGB0040626
 - KLGB0040627
 - KLGB0040628
 - KLGB0040629
 - KLGB0040630
 - KLGB0040631
 - KLGB0040632
 - KLGB0040633
 - KLGB0040634
 - KLGB0040635
 - KLGB0040636
 - KLGB0040637
 - KLGB0040638
 - KLGB0040639
 - KLGB0040640
 - KLGB0040641
 - KLGB0040642
 - KLGB0040643
 - KLGB0040644
 - KLGB0040645
 - KLGB0040646
 - KLGB0040647
 - KLGB0040648
 - KLGB0040649
 - KLGB0040650
 - KLGB0040651
 - KLGB0040652
 - KLGB0040653
 - KLGB0040654
 - KLGB0040655
 - KLGB0040656
 - KLGB0040657
 - KLGB0040658
 - KLGB0040659
 - KLGB0040660
 - KLGB0040661
 - KLGB0040668
 - KLGB0040669
 - KLGB0040670
 - KLGB0040671
 - KLGB0040672
 - KLGB0040673
 - KLGB0040674
 - KLGB0040675
 - KLGB0040676
 - KLGB0040677
 - KLGB0040678
 - KLGB0040679
 - KLGB0040680
 - KLGB0040681
 - KLGB0040682
 - KLGB0040683
 - KLGB0040684
 - KLGB0040685
 - KLGB0040686
 - KLGB0040688
 - KLGB0040689
 - KLGB0040691
 - KLGB0040693
 - KLGB0040701
 - KLGB0040702
 - KLGB0040710
 - KLGB0040711
 - KLGB0040712
 - KLGB0040713
 - KLGB0040715
 - KLGB0040716
 - KLGB0040717
 - KLGB0040718
 - KLGB0040719
 - KLGB0040720
 - KLGB0040722
 - KLGB0040745
 - KLGB0040746
 - KLGB0040754
 - KRTH0INBB01
